// !$*UTF8*$!
{
	archiveVersion = 1;
	classes = {
	};
	objectVersion = 50;
	objects = {

/* Begin PBXBuildFile section */
		9D222EAF250FA0DD005ECCE5 /* AppDelegate.swift in Sources */ = {isa = PBXBuildFile; fileRef = 9D222EAE250FA0DD005ECCE5 /* AppDelegate.swift */; };
		9D222EB1250FA0DD005ECCE5 /* SceneDelegate.swift in Sources */ = {isa = PBXBuildFile; fileRef = 9D222EB0250FA0DD005ECCE5 /* SceneDelegate.swift */; };
		9D222EB3250FA0DD005ECCE5 /* ViewController.swift in Sources */ = {isa = PBXBuildFile; fileRef = 9D222EB2250FA0DD005ECCE5 /* ViewController.swift */; };
		9D222EB6250FA0DD005ECCE5 /* Main.storyboard in Resources */ = {isa = PBXBuildFile; fileRef = 9D222EB4250FA0DD005ECCE5 /* Main.storyboard */; };
		9D222EB8250FA0DE005ECCE5 /* Assets.xcassets in Resources */ = {isa = PBXBuildFile; fileRef = 9D222EB7250FA0DE005ECCE5 /* Assets.xcassets */; };
		9D222EBB250FA0DE005ECCE5 /* LaunchScreen.storyboard in Resources */ = {isa = PBXBuildFile; fileRef = 9D222EB9250FA0DE005ECCE5 /* LaunchScreen.storyboard */; };
		9D222EC6250FABA2005ECCE5 /* A.wav in Resources */ = {isa = PBXBuildFile; fileRef = 9D222EC5250FABA2005ECCE5 /* A.wav */; };
		9D222ECD250FABB9005ECCE5 /* G.wav in Resources */ = {isa = PBXBuildFile; fileRef = 9D222EC7250FABB9005ECCE5 /* G.wav */; };
		9D222ECE250FABB9005ECCE5 /* B.wav in Resources */ = {isa = PBXBuildFile; fileRef = 9D222EC8250FABB9005ECCE5 /* B.wav */; };
		9D222ECF250FABB9005ECCE5 /* D.wav in Resources */ = {isa = PBXBuildFile; fileRef = 9D222EC9250FABB9005ECCE5 /* D.wav */; };
		9D222ED0250FABB9005ECCE5 /* F.wav in Resources */ = {isa = PBXBuildFile; fileRef = 9D222ECA250FABB9005ECCE5 /* F.wav */; };
		9D222ED1250FABB9005ECCE5 /* C.wav in Resources */ = {isa = PBXBuildFile; fileRef = 9D222ECB250FABB9005ECCE5 /* C.wav */; };
		9D222ED2250FABB9005ECCE5 /* E.wav in Resources */ = {isa = PBXBuildFile; fileRef = 9D222ECC250FABB9005ECCE5 /* E.wav */; };
/* End PBXBuildFile section */

/* Begin PBXFileReference section */
		9D222EAB250FA0DD005ECCE5 /* Play_Xylophone.app */ = {isa = PBXFileReference; explicitFileType = wrapper.application; includeInIndex = 0; path = Play_Xylophone.app; sourceTree = BUILT_PRODUCTS_DIR; };
		9D222EAE250FA0DD005ECCE5 /* AppDelegate.swift */ = {isa = PBXFileReference; lastKnownFileType = sourcecode.swift; path = AppDelegate.swift; sourceTree = "<group>"; };
		9D222EB0250FA0DD005ECCE5 /* SceneDelegate.swift */ = {isa = PBXFileReference; lastKnownFileType = sourcecode.swift; path = SceneDelegate.swift; sourceTree = "<group>"; };
		9D222EB2250FA0DD005ECCE5 /* ViewController.swift */ = {isa = PBXFileReference; lastKnownFileType = sourcecode.swift; path = ViewController.swift; sourceTree = "<group>"; };
		9D222EB5250FA0DD005ECCE5 /* Base */ = {isa = PBXFileReference; lastKnownFileType = file.storyboard; name = Base; path = Base.lproj/Main.storyboard; sourceTree = "<group>"; };
		9D222EB7250FA0DE005ECCE5 /* Assets.xcassets */ = {isa = PBXFileReference; lastKnownFileType = folder.assetcatalog; path = Assets.xcassets; sourceTree = "<group>"; };
		9D222EBA250FA0DE005ECCE5 /* Base */ = {isa = PBXFileReference; lastKnownFileType = file.storyboard; name = Base; path = Base.lproj/LaunchScreen.storyboard; sourceTree = "<group>"; };
		9D222EBC250FA0DE005ECCE5 /* Info.plist */ = {isa = PBXFileReference; lastKnownFileType = text.plist.xml; path = Info.plist; sourceTree = "<group>"; };
		9D222EC5250FABA2005ECCE5 /* A.wav */ = {isa = PBXFileReference; lastKnownFileType = audio.wav; path = A.wav; sourceTree = "<group>"; };
		9D222EC7250FABB9005ECCE5 /* G.wav */ = {isa = PBXFileReference; lastKnownFileType = audio.wav; path = G.wav; sourceTree = "<group>"; };
		9D222EC8250FABB9005ECCE5 /* B.wav */ = {isa = PBXFileReference; lastKnownFileType = audio.wav; path = B.wav; sourceTree = "<group>"; };
		9D222EC9250FABB9005ECCE5 /* D.wav */ = {isa = PBXFileReference; lastKnownFileType = audio.wav; path = D.wav; sourceTree = "<group>"; };
		9D222ECA250FABB9005ECCE5 /* F.wav */ = {isa = PBXFileReference; lastKnownFileType = audio.wav; path = F.wav; sourceTree = "<group>"; };
		9D222ECB250FABB9005ECCE5 /* C.wav */ = {isa = PBXFileReference; lastKnownFileType = audio.wav; path = C.wav; sourceTree = "<group>"; };
		9D222ECC250FABB9005ECCE5 /* E.wav */ = {isa = PBXFileReference; lastKnownFileType = audio.wav; path = E.wav; sourceTree = "<group>"; };
/* End PBXFileReference section */

/* Begin PBXFrameworksBuildPhase section */
		9D222EA8250FA0DD005ECCE5 /* Frameworks */ = {
			isa = PBXFrameworksBuildPhase;
			buildActionMask = 2147483647;
			files = (
			);
			runOnlyForDeploymentPostprocessing = 0;
		};
/* End PBXFrameworksBuildPhase section */

/* Begin PBXGroup section */
		9D222EA2250FA0DD005ECCE5 = {
			isa = PBXGroup;
			children = (
				9D222EAD250FA0DD005ECCE5 /* Play_Xylophone */,
				9D222EAC250FA0DD005ECCE5 /* Products */,
			);
			sourceTree = "<group>";
		};
		9D222EAC250FA0DD005ECCE5 /* Products */ = {
			isa = PBXGroup;
			children = (
				9D222EAB250FA0DD005ECCE5 /* Play_Xylophone.app */,
			);
			name = Products;
			sourceTree = "<group>";
		};
		9D222EAD250FA0DD005ECCE5 /* Play_Xylophone */ = {
			isa = PBXGroup;
			children = (
				9D222EC4250FAB7C005ECCE5 /* SoundsToPlay */,
				9D222EAE250FA0DD005ECCE5 /* AppDelegate.swift */,
				9D222EB0250FA0DD005ECCE5 /* SceneDelegate.swift */,
				9D222EB2250FA0DD005ECCE5 /* ViewController.swift */,
				9D222EB4250FA0DD005ECCE5 /* Main.storyboard */,
				9D222EB7250FA0DE005ECCE5 /* Assets.xcassets */,
				9D222EB9250FA0DE005ECCE5 /* LaunchScreen.storyboard */,
				9D222EBC250FA0DE005ECCE5 /* Info.plist */,
			);
			path = Play_Xylophone;
			sourceTree = "<group>";
		};
		9D222EC4250FAB7C005ECCE5 /* SoundsToPlay */ = {
			isa = PBXGroup;
			children = (
				9D222EC5250FABA2005ECCE5 /* A.wav */,
				9D222EC8250FABB9005ECCE5 /* B.wav */,
				9D222ECB250FABB9005ECCE5 /* C.wav */,
				9D222EC9250FABB9005ECCE5 /* D.wav */,
				9D222ECC250FABB9005ECCE5 /* E.wav */,
				9D222ECA250FABB9005ECCE5 /* F.wav */,
				9D222EC7250FABB9005ECCE5 /* G.wav */,
			);
			path = SoundsToPlay;
			sourceTree = "<group>";
		};
/* End PBXGroup section */

/* Begin PBXNativeTarget section */
		9D222EAA250FA0DD005ECCE5 /* Play_Xylophone */ = {
			isa = PBXNativeTarget;
			buildConfigurationList = 9D222EBF250FA0DE005ECCE5 /* Build configuration list for PBXNativeTarget "Play_Xylophone" */;
			buildPhases = (
				9D222EA7250FA0DD005ECCE5 /* Sources */,
				9D222EA8250FA0DD005ECCE5 /* Frameworks */,
				9D222EA9250FA0DD005ECCE5 /* Resources */,
			);
			buildRules = (
			);
			dependencies = (
			);
			name = Play_Xylophone;
			productName = Play_Xylophone;
			productReference = 9D222EAB250FA0DD005ECCE5 /* Play_Xylophone.app */;
			productType = "com.apple.product-type.application";
		};
/* End PBXNativeTarget section */

/* Begin PBXProject section */
		9D222EA3250FA0DD005ECCE5 /* Project object */ = {
			isa = PBXProject;
			attributes = {
				LastSwiftUpdateCheck = 1100;
				LastUpgradeCheck = 1100;
				ORGANIZATIONNAME = vamsiOSDev;
				TargetAttributes = {
					9D222EAA250FA0DD005ECCE5 = {
						CreatedOnToolsVersion = 11.0;
					};
				};
			};
			buildConfigurationList = 9D222EA6250FA0DD005ECCE5 /* Build configuration list for PBXProject "Play_Xylophone" */;
			compatibilityVersion = "Xcode 9.3";
			developmentRegion = en;
			hasScannedForEncodings = 0;
			knownRegions = (
				en,
				Base,
			);
			mainGroup = 9D222EA2250FA0DD005ECCE5;
			productRefGroup = 9D222EAC250FA0DD005ECCE5 /* Products */;
			projectDirPath = "";
			projectRoot = "";
			targets = (
				9D222EAA250FA0DD005ECCE5 /* Play_Xylophone */,
			);
		};
/* End PBXProject section */

/* Begin PBXResourcesBuildPhase section */
		9D222EA9250FA0DD005ECCE5 /* Resources */ = {
			isa = PBXResourcesBuildPhase;
			buildActionMask = 2147483647;
			files = (
				9D222ED2250FABB9005ECCE5 /* E.wav in Resources */,
				9D222ECD250FABB9005ECCE5 /* G.wav in Resources */,
				9D222EBB250FA0DE005ECCE5 /* LaunchScreen.storyboard in Resources */,
				9D222EB8250FA0DE005ECCE5 /* Assets.xcassets in Resources */,
				9D222ED0250FABB9005ECCE5 /* F.wav in Resources */,
				9D222ED1250FABB9005ECCE5 /* C.wav in Resources */,
				9D222ECE250FABB9005ECCE5 /* B.wav in Resources */,
				9D222ECF250FABB9005ECCE5 /* D.wav in Resources */,
				9D222EC6250FABA2005ECCE5 /* A.wav in Resources */,
				9D222EB6250FA0DD005ECCE5 /* Main.storyboard in Resources */,
			);
			runOnlyForDeploymentPostprocessing = 0;
		};
/* End PBXResourcesBuildPhase section */

/* Begin PBXSourcesBuildPhase section */
		9D222EA7250FA0DD005ECCE5 /* Sources */ = {
			isa = PBXSourcesBuildPhase;
			buildActionMask = 2147483647;
			files = (
				9D222EB3250FA0DD005ECCE5 /* ViewController.swift in Sources */,
				9D222EAF250FA0DD005ECCE5 /* AppDelegate.swift in Sources */,
				9D222EB1250FA0DD005ECCE5 /* SceneDelegate.swift in Sources */,
			);
			runOnlyForDeploymentPostprocessing = 0;
		};
/* End PBXSourcesBuildPhase section */

/* Begin PBXVariantGroup section */
		9D222EB4250FA0DD005ECCE5 /* Main.storyboard */ = {
			isa = PBXVariantGroup;
			children = (
				9D222EB5250FA0DD005ECCE5 /* Base */,
			);
			name = Main.storyboard;
			sourceTree = "<group>";
		};
		9D222EB9250FA0DE005ECCE5 /* LaunchScreen.storyboard */ = {
			isa = PBXVariantGroup;
			children = (
				9D222EBA250FA0DE005ECCE5 /* Base */,
			);
			name = LaunchScreen.storyboard;
			sourceTree = "<group>";
		};
/* End PBXVariantGroup section */

/* Begin XCBuildConfiguration section */
		9D222EBD250FA0DE005ECCE5 /* Debug */ = {
			isa = XCBuildConfiguration;
			buildSettings = {
				ALWAYS_SEARCH_USER_PATHS = NO;
				CLANG_ANALYZER_NONNULL = YES;
				CLANG_ANALYZER_NUMBER_OBJECT_CONVERSION = YES_AGGRESSIVE;
				CLANG_CXX_LANGUAGE_STANDARD = "gnu++14";
				CLANG_CXX_LIBRARY = "libc++";
				CLANG_ENABLE_MODULES = YES;
				CLANG_ENABLE_OBJC_ARC = YES;
				CLANG_ENABLE_OBJC_WEAK = YES;
				CLANG_WARN_BLOCK_CAPTURE_AUTORELEASING = YES;
				CLANG_WARN_BOOL_CONVERSION = YES;
				CLANG_WARN_COMMA = YES;
				CLANG_WARN_CONSTANT_CONVERSION = YES;
				CLANG_WARN_DEPRECATED_OBJC_IMPLEMENTATIONS = YES;
				CLANG_WARN_DIRECT_OBJC_ISA_USAGE = YES_ERROR;
				CLANG_WARN_DOCUMENTATION_COMMENTS = YES;
				CLANG_WARN_EMPTY_BODY = YES;
				CLANG_WARN_ENUM_CONVERSION = YES;
				CLANG_WARN_INFINITE_RECURSION = YES;
				CLANG_WARN_INT_CONVERSION = YES;
				CLANG_WARN_NON_LITERAL_NULL_CONVERSION = YES;
				CLANG_WARN_OBJC_IMPLICIT_RETAIN_SELF = YES;
				CLANG_WARN_OBJC_LITERAL_CONVERSION = YES;
				CLANG_WARN_OBJC_ROOT_CLASS = YES_ERROR;
				CLANG_WARN_RANGE_LOOP_ANALYSIS = YES;
				CLANG_WARN_STRICT_PROTOTYPES = YES;
				CLANG_WARN_SUSPICIOUS_MOVE = YES;
				CLANG_WARN_UNGUARDED_AVAILABILITY = YES_AGGRESSIVE;
				CLANG_WARN_UNREACHABLE_CODE = YES;
				CLANG_WARN__DUPLICATE_METHOD_MATCH = YES;
				COPY_PHASE_STRIP = NO;
				DEBUG_INFORMATION_FORMAT = dwarf;
				ENABLE_STRICT_OBJC_MSGSEND = YES;
				ENABLE_TESTABILITY = YES;
				GCC_C_LANGUAGE_STANDARD = gnu11;
				GCC_DYNAMIC_NO_PIC = NO;
				GCC_NO_COMMON_BLOCKS = YES;
				GCC_OPTIMIZATION_LEVEL = 0;
				GCC_PREPROCESSOR_DEFINITIONS = (
					"DEBUG=1",
					"$(inherited)",
				);
				GCC_WARN_64_TO_32_BIT_CONVERSION = YES;
				GCC_WARN_ABOUT_RETURN_TYPE = YES_ERROR;
				GCC_WARN_UNDECLARED_SELECTOR = YES;
				GCC_WARN_UNINITIALIZED_AUTOS = YES_AGGRESSIVE;
				GCC_WARN_UNUSED_FUNCTION = YES;
				GCC_WARN_UNUSED_VARIABLE = YES;
				IPHONEOS_DEPLOYMENT_TARGET = 13.0;
				MTL_ENABLE_DEBUG_INFO = INCLUDE_SOURCE;
				MTL_FAST_MATH = YES;
				ONLY_ACTIVE_ARCH = YES;
				SDKROOT = iphoneos;
				SWIFT_ACTIVE_COMPILATION_CONDITIONS = DEBUG;
				SWIFT_OPTIMIZATION_LEVEL = "-Onone";
			};
			name = Debug;
		};
		9D222EBE250FA0DE005ECCE5 /* Release */ = {
			isa = XCBuildConfiguration;
			buildSettings = {
				ALWAYS_SEARCH_USER_PATHS = NO;
				CLANG_ANALYZER_NONNULL = YES;
				CLANG_ANALYZER_NUMBER_OBJECT_CONVERSION = YES_AGGRESSIVE;
				CLANG_CXX_LANGUAGE_STANDARD = "gnu++14";
				CLANG_CXX_LIBRARY = "libc++";
				CLANG_ENABLE_MODULES = YES;
				CLANG_ENABLE_OBJC_ARC = YES;
				CLANG_ENABLE_OBJC_WEAK = YES;
				CLANG_WARN_BLOCK_CAPTURE_AUTORELEASING = YES;
				CLANG_WARN_BOOL_CONVERSION = YES;
				CLANG_WARN_COMMA = YES;
				CLANG_WARN_CONSTANT_CONVERSION = YES;
				CLANG_WARN_DEPRECATED_OBJC_IMPLEMENTATIONS = YES;
				CLANG_WARN_DIRECT_OBJC_ISA_USAGE = YES_ERROR;
				CLANG_WARN_DOCUMENTATION_COMMENTS = YES;
				CLANG_WARN_EMPTY_BODY = YES;
				CLANG_WARN_ENUM_CONVERSION = YES;
				CLANG_WARN_INFINITE_RECURSION = YES;
				CLANG_WARN_INT_CONVERSION = YES;
				CLANG_WARN_NON_LITERAL_NULL_CONVERSION = YES;
				CLANG_WARN_OBJC_IMPLICIT_RETAIN_SELF = YES;
				CLANG_WARN_OBJC_LITERAL_CONVERSION = YES;
				CLANG_WARN_OBJC_ROOT_CLASS = YES_ERROR;
				CLANG_WARN_RANGE_LOOP_ANALYSIS = YES;
				CLANG_WARN_STRICT_PROTOTYPES = YES;
				CLANG_WARN_SUSPICIOUS_MOVE = YES;
				CLANG_WARN_UNGUARDED_AVAILABILITY = YES_AGGRESSIVE;
				CLANG_WARN_UNREACHABLE_CODE = YES;
				CLANG_WARN__DUPLICATE_METHOD_MATCH = YES;
				COPY_PHASE_STRIP = NO;
				DEBUG_INFORMATION_FORMAT = "dwarf-with-dsym";
				ENABLE_NS_ASSERTIONS = NO;
				ENABLE_STRICT_OBJC_MSGSEND = YES;
				GCC_C_LANGUAGE_STANDARD = gnu11;
				GCC_NO_COMMON_BLOCKS = YES;
				GCC_WARN_64_TO_32_BIT_CONVERSION = YES;
				GCC_WARN_ABOUT_RETURN_TYPE = YES_ERROR;
				GCC_WARN_UNDECLARED_SELECTOR = YES;
				GCC_WARN_UNINITIALIZED_AUTOS = YES_AGGRESSIVE;
				GCC_WARN_UNUSED_FUNCTION = YES;
				GCC_WARN_UNUSED_VARIABLE = YES;
				IPHONEOS_DEPLOYMENT_TARGET = 13.0;
				MTL_ENABLE_DEBUG_INFO = NO;
				MTL_FAST_MATH = YES;
				SDKROOT = iphoneos;
				SWIFT_COMPILATION_MODE = wholemodule;
				SWIFT_OPTIMIZATION_LEVEL = "-O";
				VALIDATE_PRODUCT = YES;
			};
			name = Release;
		};
		9D222EC0250FA0DE005ECCE5 /* Debug */ = {
			isa = XCBuildConfiguration;
			buildSettings = {
				ASSETCATALOG_COMPILER_APPICON_NAME = AppIcon;
				CODE_SIGN_STYLE = Automatic;
				DEVELOPMENT_TEAM = V2QBDJWAYQ;
				INFOPLIST_FILE = Play_Xylophone/Info.plist;
				LD_RUNPATH_SEARCH_PATHS = (
					"$(inherited)",
					"@executable_path/Frameworks",
				);
				PRODUCT_BUNDLE_IDENTIFIER = "com.vamsiOSApps.Play-Xylophone";
				PRODUCT_NAME = "$(TARGET_NAME)";
				SWIFT_VERSION = 5.0;
				TARGETED_DEVICE_FAMILY = "1,2";
			};
			name = Debug;
		};
		9D222EC1250FA0DE005ECCE5 /* Release */ = {
			isa = XCBuildConfiguration;
			buildSettings = {
				ASSETCATALOG_COMPILER_APPICON_NAME = AppIcon;
				CODE_SIGN_STYLE = Automatic;
				DEVELOPMENT_TEAM = V2QBDJWAYQ;
				INFOPLIST_FILE = Play_Xylophone/Info.plist;
				LD_RUNPATH_SEARCH_PATHS = (
					"$(inherited)",
					"@executable_path/Frameworks",
				);
				PRODUCT_BUNDLE_IDENTIFIER = "com.vamsiOSApps.Play-Xylophone";
				PRODUCT_NAME = "$(TARGET_NAME)";
				SWIFT_VERSION = 5.0;
				TARGETED_DEVICE_FAMILY = "1,2";
			};
			name = Release;
		};
/* End XCBuildConfiguration section */

/* Begin XCConfigurationList section */
		9D222EA6250FA0DD005ECCE5 /* Build configuration list for PBXProject "Play_Xylophone" */ = {
			isa = XCConfigurationList;
			buildConfigurations = (
				9D222EBD250FA0DE005ECCE5 /* Debug */,
				9D222EBE250FA0DE005ECCE5 /* Release */,
			);
			defaultConfigurationIsVisible = 0;
			defaultConfigurationName = Release;
		};
		9D222EBF250FA0DE005ECCE5 /* Build configuration list for PBXNativeTarget "Play_Xylophone" */ = {
			isa = XCConfigurationList;
			buildConfigurations = (
				9D222EC0250FA0DE005ECCE5 /* Debug */,
				9D222EC1250FA0DE005ECCE5 /* Release */,
			);
			defaultConfigurationIsVisible = 0;
			defaultConfigurationName = Release;
		};
/* End XCConfigurationList section */
	};
	rootObject = 9D222EA3250FA0DD005ECCE5 /* Project object */;
}
